
Microsoft Visual Studio Solution File, Format Version 12.00
Project("{FAE04EC0-301F-11D3-BF4B-00C04F79EFBC}") = "Dolite.Examples", "Dolite.Examples\Dolite.Examples.csproj", "{CA0CB427-B639-43E9-95A3-5996613EEE8E}"
EndProject
Project("{FAE04EC0-301F-11D3-BF4B-00C04F79EFBC}") = "Dolite", "Dolite\Dolite.csproj", "{C3A8F771-2F0F-422F-8652-45C55CAA4648}"
EndProject
Global
	GlobalSection(SolutionConfigurationPlatforms) = preSolution
		Debug|Any CPU = Debug|Any CPU
		Release|Any CPU = Release|Any CPU
	EndGlobalSection
	GlobalSection(ProjectConfigurationPlatforms) = postSolution
		{CA0CB427-B639-43E9-95A3-5996613EEE8E}.Debug|Any CPU.ActiveCfg = Debug|Any CPU
		{CA0CB427-B639-43E9-95A3-5996613EEE8E}.Debug|Any CPU.Build.0 = Debug|Any CPU
		{CA0CB427-B639-43E9-95A3-5996613EEE8E}.Release|Any CPU.ActiveCfg = Release|Any CPU
		{CA0CB427-B639-43E9-95A3-5996613EEE8E}.Release|Any CPU.Build.0 = Release|Any CPU
		{C3A8F771-2F0F-422F-8652-45C55CAA4648}.Debug|Any CPU.ActiveCfg = Debug|Any CPU
		{C3A8F771-2F0F-422F-8652-45C55CAA4648}.Debug|Any CPU.Build.0 = Debug|Any CPU
		{C3A8F771-2F0F-422F-8652-45C55CAA4648}.Release|Any CPU.ActiveCfg = Release|Any CPU
		{C3A8F771-2F0F-422F-8652-45C55CAA4648}.Release|Any CPU.Build.0 = Release|Any CPU
	EndGlobalSection
EndGlobal
